
Microsoft Visual Studio Solution File, Format Version 12.00
# Visual Studio 2012
Project("{FAE04EC0-301F-11D3-BF4B-00C04F79EFBC}") = "GerenciadorDeMemoria", "GerenciadorDeMemoria\GerenciadorDeMemoria.csproj", "{9F056CF0-802E-4334-8709-EB733D8101EC}"
EndProject
Global
	GlobalSection(SolutionConfigurationPlatforms) = preSolution
		Debug|Any CPU = Debug|Any CPU
		Release|Any CPU = Release|Any CPU
	EndGlobalSection
	GlobalSection(ProjectConfigurationPlatforms) = postSolution
		{9F056CF0-802E-4334-8709-EB733D8101EC}.Debug|Any CPU.ActiveCfg = Debug|Any CPU
		{9F056CF0-802E-4334-8709-EB733D8101EC}.Debug|Any CPU.Build.0 = Debug|Any CPU
		{9F056CF0-802E-4334-8709-EB733D8101EC}.Release|Any CPU.ActiveCfg = Release|Any CPU
		{9F056CF0-802E-4334-8709-EB733D8101EC}.Release|Any CPU.Build.0 = Release|Any CPU
	EndGlobalSection
	GlobalSection(SolutionProperties) = preSolution
		HideSolutionNode = FALSE
	EndGlobalSection
EndGlobal
